
Microsoft Visual Studio Solution File, Format Version 12.00
# Visual Studio 15
VisualStudioVersion = 15.0.27004.2009
MinimumVisualStudioVersion = 10.0.40219.1
Project("{FAE04EC0-301F-11D3-BF4B-00C04F79EFBC}") = "Gu.Wpf.Media", "Gu.Wpf.Media\Gu.Wpf.Media.csproj", "{BD54B3C3-A3C3-41BD-B188-94B4A0C20303}"
EndProject
Project("{FAE04EC0-301F-11D3-BF4B-00C04F79EFBC}") = "Gu.Wpf.Media.Demo", "Gu.Wpf.Media.Demo\Gu.Wpf.Media.Demo.csproj", "{A465E2F7-3665-4B08-8FCF-05700F46C2F5}"
EndProject
Project("{2150E333-8FDC-42A3-9474-1A3956D46DE8}") = ".paket", ".paket", "{9DCE7658-6BAA-46CB-BE88-186B1998B653}"
	ProjectSection(SolutionItems) = preProject
		appveyor.yml = appveyor.yml
		paket.dependencies = paket.dependencies
		paket.lock = paket.lock
		.paket\Readme.paket.md = .paket\Readme.paket.md
	EndProjectSection
EndProject
Project("{2150E333-8FDC-42A3-9474-1A3956D46DE8}") = "docs", "docs", "{3F38FD3E-995D-423C-A711-006D3F8A3E9E}"
	ProjectSection(SolutionItems) = preProject
		LICENSE.md = LICENSE.md
		README.md = README.md
		.paket\Readme.paket.md = .paket\Readme.paket.md
		RELEASE_NOTES.md = RELEASE_NOTES.md
	EndProjectSection
EndProject
Project("{FAE04EC0-301F-11D3-BF4B-00C04F79EFBC}") = "Gu.Wpf.Media.Tests", "Gu.Wpf.Media.Tests\Gu.Wpf.Media.Tests.csproj", "{62B99F94-EF1C-45AC-AFA3-811411419D58}"
EndProject
Project("{FAE04EC0-301F-11D3-BF4B-00C04F79EFBC}") = "Gu.Wpf.Media.UiTests", "Gu.Wpf.Media.UiTests\Gu.Wpf.Media.UiTests.csproj", "{15FF6914-3EAA-4C3B-8C33-3268106C0477}"
EndProject
Global
	GlobalSection(SolutionConfigurationPlatforms) = preSolution
		Debug|Any CPU = Debug|Any CPU
		Release|Any CPU = Release|Any CPU
	EndGlobalSection
	GlobalSection(ProjectConfigurationPlatforms) = postSolution
		{BD54B3C3-A3C3-41BD-B188-94B4A0C20303}.Debug|Any CPU.ActiveCfg = Debug|Any CPU
		{BD54B3C3-A3C3-41BD-B188-94B4A0C20303}.Debug|Any CPU.Build.0 = Debug|Any CPU
		{BD54B3C3-A3C3-41BD-B188-94B4A0C20303}.Release|Any CPU.ActiveCfg = Release|Any CPU
		{BD54B3C3-A3C3-41BD-B188-94B4A0C20303}.Release|Any CPU.Build.0 = Release|Any CPU
		{A465E2F7-3665-4B08-8FCF-05700F46C2F5}.Debug|Any CPU.ActiveCfg = Debug|Any CPU
		{A465E2F7-3665-4B08-8FCF-05700F46C2F5}.Debug|Any CPU.Build.0 = Debug|Any CPU
		{A465E2F7-3665-4B08-8FCF-05700F46C2F5}.Release|Any CPU.ActiveCfg = Release|Any CPU
		{A465E2F7-3665-4B08-8FCF-05700F46C2F5}.Release|Any CPU.Build.0 = Release|Any CPU
		{62B99F94-EF1C-45AC-AFA3-811411419D58}.Debug|Any CPU.ActiveCfg = Debug|Any CPU
		{62B99F94-EF1C-45AC-AFA3-811411419D58}.Debug|Any CPU.Build.0 = Debug|Any CPU
		{62B99F94-EF1C-45AC-AFA3-811411419D58}.Release|Any CPU.ActiveCfg = Release|Any CPU
		{62B99F94-EF1C-45AC-AFA3-811411419D58}.Release|Any CPU.Build.0 = Release|Any CPU
		{15FF6914-3EAA-4C3B-8C33-3268106C0477}.Debug|Any CPU.ActiveCfg = Debug|Any CPU
		{15FF6914-3EAA-4C3B-8C33-3268106C0477}.Debug|Any CPU.Build.0 = Debug|Any CPU
		{15FF6914-3EAA-4C3B-8C33-3268106C0477}.Release|Any CPU.ActiveCfg = Release|Any CPU
		{15FF6914-3EAA-4C3B-8C33-3268106C0477}.Release|Any CPU.Build.0 = Release|Any CPU
	EndGlobalSection
	GlobalSection(SolutionProperties) = preSolution
		HideSolutionNode = FALSE
	EndGlobalSection
EndGlobal
